
Microsoft Visual Studio Solution File, Format Version 12.00
# Visual Studio 15
VisualStudioVersion = 15.0.28307.489
MinimumVisualStudioVersion = 10.0.40219.1
Project("{FAE04EC0-301F-11D3-BF4B-00C04F79EFBC}") = "Debug", "Debug\Debug.csproj", "{A1C5F194-D78C-4519-8B73-ED1FA1C27901}"
EndProject
Global
	GlobalSection(SolutionConfigurationPlatforms) = preSolution
		Debug|Any CPU = Debug|Any CPU
		Release|Any CPU = Release|Any CPU
	EndGlobalSection
	GlobalSection(ProjectConfigurationPlatforms) = postSolution
		{A1C5F194-D78C-4519-8B73-ED1FA1C27901}.Debug|Any CPU.ActiveCfg = Debug|Any CPU
		{A1C5F194-D78C-4519-8B73-ED1FA1C27901}.Debug|Any CPU.Build.0 = Debug|Any CPU
		{A1C5F194-D78C-4519-8B73-ED1FA1C27901}.Release|Any CPU.ActiveCfg = Release|Any CPU
		{A1C5F194-D78C-4519-8B73-ED1FA1C27901}.Release|Any CPU.Build.0 = Release|Any CPU
	EndGlobalSection
	GlobalSection(SolutionProperties) = preSolution
		HideSolutionNode = FALSE
	EndGlobalSection
	GlobalSection(ExtensibilityGlobals) = postSolution
		SolutionGuid = {81FD3183-48F3-4536-991E-83A8C00C02E2}
	EndGlobalSection
EndGlobal
